
Microsoft Visual Studio Solution File, Format Version 11.00
# Visual Studio 2010
# SharpDevelop 4.3
Project("{FAE04EC0-301F-11D3-BF4B-00C04F79EFBC}") = "TextConsole", "TextConsole\TextConsole.csproj", "{9AF081C4-4B89-4FA5-BB55-8A41F8110C73}"
EndProject
Project("{FAE04EC0-301F-11D3-BF4B-00C04F79EFBC}") = "ExportExtension", "ExportExtension\ExportExtension.csproj", "{1AF09CBA-6A6D-4020-9BA3-BECF2DFE011C}"
EndProject
Project("{FAE04EC0-301F-11D3-BF4B-00C04F79EFBC}") = "ExportExtension.Tests", "ExportExtension.Tests\ExportExtension.Tests.csproj", "{777494D7-DF4B-4961-B9B7-C63D3786EE2A}"
EndProject
Global
	GlobalSection(SolutionConfigurationPlatforms) = preSolution
		Debug|Any CPU = Debug|Any CPU
		Release|Any CPU = Release|Any CPU
	EndGlobalSection
	GlobalSection(ProjectConfigurationPlatforms) = postSolution
		{9AF081C4-4B89-4FA5-BB55-8A41F8110C73}.Debug|Any CPU.Build.0 = Debug|Any CPU
		{9AF081C4-4B89-4FA5-BB55-8A41F8110C73}.Debug|Any CPU.ActiveCfg = Debug|Any CPU
		{9AF081C4-4B89-4FA5-BB55-8A41F8110C73}.Release|Any CPU.Build.0 = Release|Any CPU
		{9AF081C4-4B89-4FA5-BB55-8A41F8110C73}.Release|Any CPU.ActiveCfg = Release|Any CPU
		{1AF09CBA-6A6D-4020-9BA3-BECF2DFE011C}.Debug|Any CPU.Build.0 = Debug|Any CPU
		{1AF09CBA-6A6D-4020-9BA3-BECF2DFE011C}.Debug|Any CPU.ActiveCfg = Debug|Any CPU
		{1AF09CBA-6A6D-4020-9BA3-BECF2DFE011C}.Release|Any CPU.Build.0 = Release|Any CPU
		{1AF09CBA-6A6D-4020-9BA3-BECF2DFE011C}.Release|Any CPU.ActiveCfg = Release|Any CPU
		{777494D7-DF4B-4961-B9B7-C63D3786EE2A}.Debug|Any CPU.Build.0 = Debug|Any CPU
		{777494D7-DF4B-4961-B9B7-C63D3786EE2A}.Debug|Any CPU.ActiveCfg = Debug|Any CPU
		{777494D7-DF4B-4961-B9B7-C63D3786EE2A}.Release|Any CPU.Build.0 = Release|Any CPU
		{777494D7-DF4B-4961-B9B7-C63D3786EE2A}.Release|Any CPU.ActiveCfg = Release|Any CPU
	EndGlobalSection
EndGlobal
